
Microsoft Visual Studio Solution File, Format Version 12.00
# Visual Studio 15
VisualStudioVersion = 15.0.28307.102
MinimumVisualStudioVersion = 10.0.40219.1
Project("{FAE04EC0-301F-11D3-BF4B-00C04F79EFBC}") = "Chat", "Chat\Chat.csproj", "{93D387D2-DCA8-4770-9D02-FFE62C4D0445}"
EndProject
Project("{FAE04EC0-301F-11D3-BF4B-00C04F79EFBC}") = "ChatClient", "ChatClient\ChatClient.csproj", "{A5115617-2ABE-480E-BAE2-B7B6B658E771}"
EndProject
Project("{FAE04EC0-301F-11D3-BF4B-00C04F79EFBC}") = "WebApplication1", "WebApplication1\WebApplication1.csproj", "{5C6C0B42-0232-4CAF-925D-F33417F1E79B}"
EndProject
Global
	GlobalSection(SolutionConfigurationPlatforms) = preSolution
		Debug|Any CPU = Debug|Any CPU
		Release|Any CPU = Release|Any CPU
	EndGlobalSection
	GlobalSection(ProjectConfigurationPlatforms) = postSolution
		{93D387D2-DCA8-4770-9D02-FFE62C4D0445}.Debug|Any CPU.ActiveCfg = Debug|Any CPU
		{93D387D2-DCA8-4770-9D02-FFE62C4D0445}.Debug|Any CPU.Build.0 = Debug|Any CPU
		{93D387D2-DCA8-4770-9D02-FFE62C4D0445}.Release|Any CPU.ActiveCfg = Release|Any CPU
		{93D387D2-DCA8-4770-9D02-FFE62C4D0445}.Release|Any CPU.Build.0 = Release|Any CPU
		{A5115617-2ABE-480E-BAE2-B7B6B658E771}.Debug|Any CPU.ActiveCfg = Debug|Any CPU
		{A5115617-2ABE-480E-BAE2-B7B6B658E771}.Debug|Any CPU.Build.0 = Debug|Any CPU
		{A5115617-2ABE-480E-BAE2-B7B6B658E771}.Release|Any CPU.ActiveCfg = Release|Any CPU
		{A5115617-2ABE-480E-BAE2-B7B6B658E771}.Release|Any CPU.Build.0 = Release|Any CPU
		{5C6C0B42-0232-4CAF-925D-F33417F1E79B}.Debug|Any CPU.ActiveCfg = Debug|Any CPU
		{5C6C0B42-0232-4CAF-925D-F33417F1E79B}.Debug|Any CPU.Build.0 = Debug|Any CPU
		{5C6C0B42-0232-4CAF-925D-F33417F1E79B}.Release|Any CPU.ActiveCfg = Release|Any CPU
		{5C6C0B42-0232-4CAF-925D-F33417F1E79B}.Release|Any CPU.Build.0 = Release|Any CPU
	EndGlobalSection
	GlobalSection(SolutionProperties) = preSolution
		HideSolutionNode = FALSE
	EndGlobalSection
	GlobalSection(ExtensibilityGlobals) = postSolution
		SolutionGuid = {4AC90511-970D-4B61-A43A-54857012EF90}
	EndGlobalSection
EndGlobal
