
Microsoft Visual Studio Solution File, Format Version 12.00
# Visual Studio 15
VisualStudioVersion = 15.0.28307.102
MinimumVisualStudioVersion = 10.0.40219.1
Project("{FAE04EC0-301F-11D3-BF4B-00C04F79EFBC}") = "Chat", "Chat\Chat.csproj", "{93D387D2-DCA8-4770-9D02-FFE62C4D0445}"
EndProject
Global
	GlobalSection(SolutionConfigurationPlatforms) = preSolution
		Debug|Any CPU = Debug|Any CPU
		Release|Any CPU = Release|Any CPU
	EndGlobalSection
	GlobalSection(ProjectConfigurationPlatforms) = postSolution
		{93D387D2-DCA8-4770-9D02-FFE62C4D0445}.Debug|Any CPU.ActiveCfg = Debug|Any CPU
		{93D387D2-DCA8-4770-9D02-FFE62C4D0445}.Debug|Any CPU.Build.0 = Debug|Any CPU
		{93D387D2-DCA8-4770-9D02-FFE62C4D0445}.Release|Any CPU.ActiveCfg = Release|Any CPU
		{93D387D2-DCA8-4770-9D02-FFE62C4D0445}.Release|Any CPU.Build.0 = Release|Any CPU
	EndGlobalSection
	GlobalSection(SolutionProperties) = preSolution
		HideSolutionNode = FALSE
	EndGlobalSection
	GlobalSection(ExtensibilityGlobals) = postSolution
		SolutionGuid = {4AC90511-970D-4B61-A43A-54857012EF90}
	EndGlobalSection
EndGlobal
